PODS:
  - AFNetworking (3.1.0):
    - AFNetworking/NSURLSession (= 3.1.0)
    - AFNetworking/Reachability (= 3.1.0)
    - AFNetworking/Security (= 3.1.0)
    - AFNetworking/Serialization (= 3.1.0)
    - AFNetworking/UIKit (= 3.1.0)
  - AFNetworking/NSURLSession (3.1.0):
    - AFNetworking/Reachability
    - AFNetworking/Security
    - AFNetworking/Serialization
  - AFNetworking/Reachability (3.1.0)
  - AFNetworking/Security (3.1.0)
  - AFNetworking/Serialization (3.1.0)
  - AFNetworking/UIKit (3.1.0):
    - AFNetworking/NSURLSession
  - Datasnap (1.0.4):
    - AFNetworking
    - Datasnap/Gimbal (= 1.0.4)
  - Datasnap/Gimbal (1.0.4):
    - AFNetworking
    - Gimbal
  - Gimbal (2.42.1)
  - Kiwi (2.4.0)

DEPENDENCIES:
  - AFNetworking
  - Datasnap (from `../`)
  - Gimbal
  - Kiwi

EXTERNAL SOURCES:
  Datasnap:
    :path: "../"

SPEC CHECKSUMS:
  AFNetworking: 5e0e199f73d8626b11e79750991f5d173d1f8b67
  Datasnap: bc8aebee7d8814d55d7203cdf131af48829718d9
  Gimbal: 2463df9054e55ce6af2bdd820370718064e09521
  Kiwi: f49c9d54b28917df5928fe44968a39ed198cb8a8

PODFILE CHECKSUM: 296e23960437ecf2e22b2b8df5559e1052a18f15

COCOAPODS: 1.0.1
