PODS:
  - AFNetworking (3.1.0):
    - AFNetworking/NSURLSession (= 3.1.0)
    - AFNetworking/Reachability (= 3.1.0)
    - AFNetworking/Security (= 3.1.0)
    - AFNetworking/Serialization (= 3.1.0)
    - AFNetworking/UIKit (= 3.1.0)
  - AFNetworking/NSURLSession (3.1.0):
    - AFNetworking/Reachability
    - AFNetworking/Security
    - AFNetworking/Serialization
  - AFNetworking/Reachability (3.1.0)
  - AFNetworking/Security (3.1.0)
  - AFNetworking/Serialization (3.1.0)
  - AFNetworking/UIKit (3.1.0):
    - AFNetworking/NSURLSession
  - Datasnap (2.0.0):
    - AFNetworking
    - Datasnap/Generic (= 2.0.0)
  - Datasnap/Generic (2.0.0):
    - AFNetworking
  - Gimbal (2.43.1)
  - Kiwi (2.4.0)
  - MagicalRecord (2.3.2):
    - MagicalRecord/Core (= 2.3.2)
  - MagicalRecord/Core (2.3.2)

DEPENDENCIES:
  - AFNetworking
  - Datasnap (from `../`)
  - Gimbal
  - Kiwi
  - MagicalRecord

EXTERNAL SOURCES:
  Datasnap:
    :path: "../"

SPEC CHECKSUMS:
  AFNetworking: 5e0e199f73d8626b11e79750991f5d173d1f8b67
  Datasnap: 90f1ce9b9e6c8ef05c84b50617d5ff633ec1b31c
  Gimbal: 96d9c56a5ab11ee934ae2622c0cb81c66680fd77
  Kiwi: f49c9d54b28917df5928fe44968a39ed198cb8a8
  MagicalRecord: 53bed74b4323b930992a725be713e53b37d19755

PODFILE CHECKSUM: c2ad08b1f5cab7f7bced34b1e326f2c9a21a9232

COCOAPODS: 1.0.1
