// !$*UTF8*$!
{
	archiveVersion = 1;
	classes = {
	};
	objectVersion = 46;
	objects = {

/* Begin PBXAggregateTarget section */
		3921B4531B0E944500E976C0 /* Universal Framework */ = {
			isa = PBXAggregateTarget;
			buildConfigurationList = 3921B4541B0E944500E976C0 /* Build configuration list for PBXAggregateTarget "Universal Framework" */;
			buildPhases = (
				3921B45B1B0E949600E976C0 /* ShellScript */,
			);
			dependencies = (
				154824FF1B19910A004E5CBF /* PBXTargetDependency */,
			);
			name = "Universal Framework";
			productName = "datasanp-ios-sdk-Aggregate";
		};
/* End PBXAggregateTarget section */

/* Begin PBXBuildFile section */
		154824F81B18CF93004E5CBF /* DSIOAPI.h in Headers */ = {isa = PBXBuildFile; fileRef = 154824F61B18CF93004E5CBF /* DSIOAPI.h */; };
		154824F91B18CF93004E5CBF /* DSIOAPI.m in Sources */ = {isa = PBXBuildFile; fileRef = 154824F71B18CF93004E5CBF /* DSIOAPI.m */; };
		3921B3F81B0E921F00E976C0 /* libDatasnap.a in Frameworks */ = {isa = PBXBuildFile; fileRef = 3921B3EC1B0E921E00E976C0 /* libDatasnap.a */; };
		3921B40F1B0E926C00E976C0 /* DSIOConfig.m in Sources */ = {isa = PBXBuildFile; fileRef = 3921B4091B0E926C00E976C0 /* DSIOConfig.m */; };
		3921B42B1B0E92D200E976C0 /* Foundation.framework in Frameworks */ = {isa = PBXBuildFile; fileRef = 3921B42A1B0E92D200E976C0 /* Foundation.framework */; };
		3921B42E1B0E92E500E976C0 /* DSIOConfig.h in Headers */ = {isa = PBXBuildFile; fileRef = 3921B4081B0E926C00E976C0 /* DSIOConfig.h */; };
		B24C1A021D02330400580365 /* Gimbal.framework in Frameworks */ = {isa = PBXBuildFile; fileRef = B24C1A011D02330400580365 /* Gimbal.framework */; };
		B259B6FA1CFE58E600C79ABF /* DSIOCoreDataHelper.m in Sources */ = {isa = PBXBuildFile; fileRef = B259B6F81CFE58E600C79ABF /* DSIOCoreDataHelper.m */; };
		B26EA7EB1D12021A0065AFD3 /* DSIOCoreDataHelper.h in Headers */ = {isa = PBXBuildFile; fileRef = B26EA7EA1D12021A0065AFD3 /* DSIOCoreDataHelper.h */; };
		B26EA7F01D12022A0065AFD3 /* DSIOVendorProperties.m in Sources */ = {isa = PBXBuildFile; fileRef = B26EA7EC1D12022A0065AFD3 /* DSIOVendorProperties.m */; };
		B26EA7F11D12022A0065AFD3 /* DSIOVendorProperties.h in Headers */ = {isa = PBXBuildFile; fileRef = B26EA7ED1D12022A0065AFD3 /* DSIOVendorProperties.h */; };
		B26EA7F21D12022A0065AFD3 /* DSIODatasnap.h in Headers */ = {isa = PBXBuildFile; fileRef = B26EA7EE1D12022A0065AFD3 /* DSIODatasnap.h */; };
		B26EA7F31D12022A0065AFD3 /* DSIODatasnap.m in Sources */ = {isa = PBXBuildFile; fileRef = B26EA7EF1D12022A0065AFD3 /* DSIODatasnap.m */; };
		B26EA8031D1202490065AFD3 /* BeaconEvent.h in Headers */ = {isa = PBXBuildFile; fileRef = B26EA7F51D1202490065AFD3 /* BeaconEvent.h */; };
		B26EA8041D1202490065AFD3 /* BeaconEvent.m in Sources */ = {isa = PBXBuildFile; fileRef = B26EA7F61D1202490065AFD3 /* BeaconEvent.m */; };
		B26EA8051D1202490065AFD3 /* CommunicationEvent.h in Headers */ = {isa = PBXBuildFile; fileRef = B26EA7F71D1202490065AFD3 /* CommunicationEvent.h */; };
		B26EA8061D1202490065AFD3 /* CommunicationEvent.m in Sources */ = {isa = PBXBuildFile; fileRef = B26EA7F81D1202490065AFD3 /* CommunicationEvent.m */; };
		B26EA8071D1202490065AFD3 /* GeoFenceEvent.h in Headers */ = {isa = PBXBuildFile; fileRef = B26EA7F91D1202490065AFD3 /* GeoFenceEvent.h */; };
		B26EA8081D1202490065AFD3 /* GeoFenceEvent.m in Sources */ = {isa = PBXBuildFile; fileRef = B26EA7FA1D1202490065AFD3 /* GeoFenceEvent.m */; };
		B26EA8091D1202490065AFD3 /* GlobalPositionEvent.h in Headers */ = {isa = PBXBuildFile; fileRef = B26EA7FB1D1202490065AFD3 /* GlobalPositionEvent.h */; };
		B26EA80A1D1202490065AFD3 /* GlobalPositionEvent.m in Sources */ = {isa = PBXBuildFile; fileRef = B26EA7FC1D1202490065AFD3 /* GlobalPositionEvent.m */; };
		B26EA80B1D1202490065AFD3 /* InteractionEvent.h in Headers */ = {isa = PBXBuildFile; fileRef = B26EA7FD1D1202490065AFD3 /* InteractionEvent.h */; };
		B26EA80C1D1202490065AFD3 /* InteractionEvent.m in Sources */ = {isa = PBXBuildFile; fileRef = B26EA7FE1D1202490065AFD3 /* InteractionEvent.m */; };
		B26EA80D1D1202490065AFD3 /* UpdateEvent.h in Headers */ = {isa = PBXBuildFile; fileRef = B26EA7FF1D1202490065AFD3 /* UpdateEvent.h */; };
		B26EA80E1D1202490065AFD3 /* UpdateEvent.m in Sources */ = {isa = PBXBuildFile; fileRef = B26EA8001D1202490065AFD3 /* UpdateEvent.m */; };
		B26EA80F1D1202490065AFD3 /* BaseEvent.h in Headers */ = {isa = PBXBuildFile; fileRef = B26EA8011D1202490065AFD3 /* BaseEvent.h */; };
		B26EA8101D1202490065AFD3 /* BaseEvent.m in Sources */ = {isa = PBXBuildFile; fileRef = B26EA8021D1202490065AFD3 /* BaseEvent.m */; };
		B26EA8371D1202670065AFD3 /* DSIOAudience.h in Headers */ = {isa = PBXBuildFile; fileRef = B26EA8111D1202670065AFD3 /* DSIOAudience.h */; };
		B26EA8381D1202670065AFD3 /* DSIOAudience.m in Sources */ = {isa = PBXBuildFile; fileRef = B26EA8121D1202670065AFD3 /* DSIOAudience.m */; };
		B26EA8391D1202670065AFD3 /* DSIOBeacon.h in Headers */ = {isa = PBXBuildFile; fileRef = B26EA8131D1202670065AFD3 /* DSIOBeacon.h */; };
		B26EA83A1D1202670065AFD3 /* DSIOBeacon.m in Sources */ = {isa = PBXBuildFile; fileRef = B26EA8141D1202670065AFD3 /* DSIOBeacon.m */; };
		B26EA83B1D1202670065AFD3 /* DSIOCampaign.h in Headers */ = {isa = PBXBuildFile; fileRef = B26EA8151D1202670065AFD3 /* DSIOCampaign.h */; };
		B26EA83C1D1202670065AFD3 /* DSIOCampaign.m in Sources */ = {isa = PBXBuildFile; fileRef = B26EA8161D1202670065AFD3 /* DSIOCampaign.m */; };
		B26EA83D1D1202670065AFD3 /* DSIOCommunication.h in Headers */ = {isa = PBXBuildFile; fileRef = B26EA8171D1202670065AFD3 /* DSIOCommunication.h */; };
		B26EA83E1D1202670065AFD3 /* DSIOCommunication.m in Sources */ = {isa = PBXBuildFile; fileRef = B26EA8181D1202670065AFD3 /* DSIOCommunication.m */; };
		B26EA83F1D1202670065AFD3 /* DSIOContent.h in Headers */ = {isa = PBXBuildFile; fileRef = B26EA8191D1202670065AFD3 /* DSIOContent.h */; };
		B26EA8401D1202670065AFD3 /* DSIOContent.m in Sources */ = {isa = PBXBuildFile; fileRef = B26EA81A1D1202670065AFD3 /* DSIOContent.m */; };
		B26EA8411D1202670065AFD3 /* DSIODefaultProperties.h in Headers */ = {isa = PBXBuildFile; fileRef = B26EA81B1D1202670065AFD3 /* DSIODefaultProperties.h */; };
		B26EA8421D1202670065AFD3 /* DSIODefaultProperties.m in Sources */ = {isa = PBXBuildFile; fileRef = B26EA81C1D1202670065AFD3 /* DSIODefaultProperties.m */; };
		B26EA8431D1202670065AFD3 /* DSIODevice.h in Headers */ = {isa = PBXBuildFile; fileRef = B26EA81D1D1202670065AFD3 /* DSIODevice.h */; };
		B26EA8441D1202670065AFD3 /* DSIODevice.m in Sources */ = {isa = PBXBuildFile; fileRef = B26EA81E1D1202670065AFD3 /* DSIODevice.m */; };
		B26EA8451D1202670065AFD3 /* DSIODeviceInfo.h in Headers */ = {isa = PBXBuildFile; fileRef = B26EA81F1D1202670065AFD3 /* DSIODeviceInfo.h */; };
		B26EA8461D1202670065AFD3 /* DSIODeviceInfo.m in Sources */ = {isa = PBXBuildFile; fileRef = B26EA8201D1202670065AFD3 /* DSIODeviceInfo.m */; };
		B26EA8471D1202670065AFD3 /* DSIOEventProperty.h in Headers */ = {isa = PBXBuildFile; fileRef = B26EA8211D1202670065AFD3 /* DSIOEventProperty.h */; };
		B26EA8481D1202670065AFD3 /* DSIOEventProperty.m in Sources */ = {isa = PBXBuildFile; fileRef = B26EA8221D1202670065AFD3 /* DSIOEventProperty.m */; };
		B26EA8491D1202670065AFD3 /* DSIOGeofence.h in Headers */ = {isa = PBXBuildFile; fileRef = B26EA8231D1202670065AFD3 /* DSIOGeofence.h */; };
		B26EA84A1D1202670065AFD3 /* DSIOGeofence.m in Sources */ = {isa = PBXBuildFile; fileRef = B26EA8241D1202670065AFD3 /* DSIOGeofence.m */; };
		B26EA84B1D1202670065AFD3 /* DSIOGeofenceCircle.h in Headers */ = {isa = PBXBuildFile; fileRef = B26EA8251D1202670065AFD3 /* DSIOGeofenceCircle.h */; };
		B26EA84C1D1202670065AFD3 /* DSIOGeofenceCircle.m in Sources */ = {isa = PBXBuildFile; fileRef = B26EA8261D1202670065AFD3 /* DSIOGeofenceCircle.m */; };
		B26EA84D1D1202670065AFD3 /* DSIOGlobalPosition.h in Headers */ = {isa = PBXBuildFile; fileRef = B26EA8271D1202670065AFD3 /* DSIOGlobalPosition.h */; };
		B26EA84E1D1202670065AFD3 /* DSIOGlobalPosition.m in Sources */ = {isa = PBXBuildFile; fileRef = B26EA8281D1202670065AFD3 /* DSIOGlobalPosition.m */; };
		B26EA84F1D1202670065AFD3 /* DSIOIdentifier.h in Headers */ = {isa = PBXBuildFile; fileRef = B26EA8291D1202670065AFD3 /* DSIOIdentifier.h */; };
		B26EA8501D1202670065AFD3 /* DSIOIdentifier.m in Sources */ = {isa = PBXBuildFile; fileRef = B26EA82A1D1202670065AFD3 /* DSIOIdentifier.m */; };
		B26EA8511D1202670065AFD3 /* DSIOLocation.h in Headers */ = {isa = PBXBuildFile; fileRef = B26EA82B1D1202670065AFD3 /* DSIOLocation.h */; };
		B26EA8521D1202670065AFD3 /* DSIOLocation.m in Sources */ = {isa = PBXBuildFile; fileRef = B26EA82C1D1202670065AFD3 /* DSIOLocation.m */; };
		B26EA8531D1202670065AFD3 /* DSIOPlace.h in Headers */ = {isa = PBXBuildFile; fileRef = B26EA82D1D1202670065AFD3 /* DSIOPlace.h */; };
		B26EA8541D1202670065AFD3 /* DSIOPlace.m in Sources */ = {isa = PBXBuildFile; fileRef = B26EA82E1D1202670065AFD3 /* DSIOPlace.m */; };
		B26EA8551D1202670065AFD3 /* DSIOTags.h in Headers */ = {isa = PBXBuildFile; fileRef = B26EA82F1D1202670065AFD3 /* DSIOTags.h */; };
		B26EA8561D1202670065AFD3 /* DSIOTags.m in Sources */ = {isa = PBXBuildFile; fileRef = B26EA8301D1202670065AFD3 /* DSIOTags.m */; };
		B26EA8571D1202670065AFD3 /* DSIOTypes.h in Headers */ = {isa = PBXBuildFile; fileRef = B26EA8311D1202670065AFD3 /* DSIOTypes.h */; };
		B26EA8581D1202670065AFD3 /* DSIOTypes.m in Sources */ = {isa = PBXBuildFile; fileRef = B26EA8321D1202670065AFD3 /* DSIOTypes.m */; };
		B26EA8591D1202670065AFD3 /* DSIOUser.h in Headers */ = {isa = PBXBuildFile; fileRef = B26EA8331D1202670065AFD3 /* DSIOUser.h */; };
		B26EA85A1D1202670065AFD3 /* DSIOUser.m in Sources */ = {isa = PBXBuildFile; fileRef = B26EA8341D1202670065AFD3 /* DSIOUser.m */; };
		B26EA85B1D1202670065AFD3 /* DSIOUserProperties.h in Headers */ = {isa = PBXBuildFile; fileRef = B26EA8351D1202670065AFD3 /* DSIOUserProperties.h */; };
		B26EA85C1D1202670065AFD3 /* DSIOUserProperties.m in Sources */ = {isa = PBXBuildFile; fileRef = B26EA8361D1202670065AFD3 /* DSIOUserProperties.m */; };
		B26EA8671D1202940065AFD3 /* DSIOBaseClient.h in Headers */ = {isa = PBXBuildFile; fileRef = B26EA8651D1202940065AFD3 /* DSIOBaseClient.h */; };
		B26EA8681D1202940065AFD3 /* DSIOBaseClient.m in Sources */ = {isa = PBXBuildFile; fileRef = B26EA8661D1202940065AFD3 /* DSIOBaseClient.m */; };
		B26EA86B1D1202F10065AFD3 /* DSIOEvent+Management.h in Headers */ = {isa = PBXBuildFile; fileRef = B26EA8691D1202F10065AFD3 /* DSIOEvent+Management.h */; };
		B26EA86C1D1202F10065AFD3 /* DSIOEvent+Management.m in Sources */ = {isa = PBXBuildFile; fileRef = B26EA86A1D1202F10065AFD3 /* DSIOEvent+Management.m */; };
		B26EA86F1D1203100065AFD3 /* DSIOGimbalClient.h in Headers */ = {isa = PBXBuildFile; fileRef = B26EA86D1D1203100065AFD3 /* DSIOGimbalClient.h */; };
		B26EA8701D1203100065AFD3 /* DSIOGimbalClient.m in Sources */ = {isa = PBXBuildFile; fileRef = B26EA86E1D1203100065AFD3 /* DSIOGimbalClient.m */; };
		B26EA8731D1203260065AFD3 /* DSIOEventQueue.h in Headers */ = {isa = PBXBuildFile; fileRef = B26EA8711D1203260065AFD3 /* DSIOEventQueue.h */; };
		B26EA8741D1203260065AFD3 /* DSIOEventQueue.m in Sources */ = {isa = PBXBuildFile; fileRef = B26EA8721D1203260065AFD3 /* DSIOEventQueue.m */; };
		B28206F71D14793500F8CBB1 /* EventEntitySpec.m in Sources */ = {isa = PBXBuildFile; fileRef = B28206F61D14793500F8CBB1 /* EventEntitySpec.m */; };
		B28206F91D1479A200F8CBB1 /* libz.tbd in Frameworks */ = {isa = PBXBuildFile; fileRef = B28206F81D1479A200F8CBB1 /* libz.tbd */; };
		B28206FE1D147B6400F8CBB1 /* Gimbal.framework in CopyFiles */ = {isa = PBXBuildFile; fileRef = B24C1A011D02330400580365 /* Gimbal.framework */; settings = {ATTRIBUTES = (CodeSignOnCopy, RemoveHeadersOnCopy, ); }; };
		B28207101D1480C300F8CBB1 /* Kiwi.framework in Frameworks */ = {isa = PBXBuildFile; fileRef = B282070F1D1480C300F8CBB1 /* Kiwi.framework */; };
		B28207131D14811700F8CBB1 /* MagicalRecord.framework in Frameworks */ = {isa = PBXBuildFile; fileRef = B28207121D14811700F8CBB1 /* MagicalRecord.framework */; };
		B28207141D14839600F8CBB1 /* MagicalRecord.framework in CopyFiles */ = {isa = PBXBuildFile; fileRef = B28207121D14811700F8CBB1 /* MagicalRecord.framework */; settings = {ATTRIBUTES = (CodeSignOnCopy, RemoveHeadersOnCopy, ); }; };
		B28207151D14839B00F8CBB1 /* Kiwi.framework in CopyFiles */ = {isa = PBXBuildFile; fileRef = B282070F1D1480C300F8CBB1 /* Kiwi.framework */; settings = {ATTRIBUTES = (CodeSignOnCopy, RemoveHeadersOnCopy, ); }; };
		B28207271D14908300F8CBB1 /* CoreData.framework in Frameworks */ = {isa = PBXBuildFile; fileRef = B28207261D14908300F8CBB1 /* CoreData.framework */; };
		B28207281D1490A100F8CBB1 /* CoreData.framework in Frameworks */ = {isa = PBXBuildFile; fileRef = B28207261D14908300F8CBB1 /* CoreData.framework */; };
		B2A813621D19D4B500DB0259 /* SystemConfiguration.framework in Frameworks */ = {isa = PBXBuildFile; fileRef = B2A813611D19D4B500DB0259 /* SystemConfiguration.framework */; };
		B2A813631D19D4D000DB0259 /* SystemConfiguration.framework in Frameworks */ = {isa = PBXBuildFile; fileRef = B2A813611D19D4B500DB0259 /* SystemConfiguration.framework */; };
		B2A813711D19E63E00DB0259 /* DSIOEvent+Management.m in Sources */ = {isa = PBXBuildFile; fileRef = B26EA86A1D1202F10065AFD3 /* DSIOEvent+Management.m */; };
		B2A813A11D1A027200DB0259 /* DSIOCoreDataHelper.m in Sources */ = {isa = PBXBuildFile; fileRef = B259B6F81CFE58E600C79ABF /* DSIOCoreDataHelper.m */; };
		B2D72C3B1D1855D9007D839D /* DatasnapSpec.m in Sources */ = {isa = PBXBuildFile; fileRef = B2D72C3A1D1855D9007D839D /* DatasnapSpec.m */; };
		B2FA33301D1B333300185AE5 /* DSIOGZip.h in Headers */ = {isa = PBXBuildFile; fileRef = B2FA332E1D1B333300185AE5 /* DSIOGZip.h */; };
		B2FA33311D1B333300185AE5 /* DSIOGZip.m in Sources */ = {isa = PBXBuildFile; fileRef = B2FA332F1D1B333300185AE5 /* DSIOGZip.m */; };
		B2FA333F1D1B392E00185AE5 /* DSIOModel.xcdatamodeld in Sources */ = {isa = PBXBuildFile; fileRef = B2FA333D1D1B392E00185AE5 /* DSIOModel.xcdatamodeld */; };
		B2FA33441D1B394F00185AE5 /* DSIOEvent+CoreDataProperties.h in Headers */ = {isa = PBXBuildFile; fileRef = B2FA33401D1B394F00185AE5 /* DSIOEvent+CoreDataProperties.h */; };
		B2FA33451D1B394F00185AE5 /* DSIOEvent+CoreDataProperties.m in Sources */ = {isa = PBXBuildFile; fileRef = B2FA33411D1B394F00185AE5 /* DSIOEvent+CoreDataProperties.m */; };
		B2FA33461D1B394F00185AE5 /* DSIOEventEntity.h in Headers */ = {isa = PBXBuildFile; fileRef = B2FA33421D1B394F00185AE5 /* DSIOEventEntity.h */; };
		B2FA33471D1B394F00185AE5 /* DSIOEventEntity.m in Sources */ = {isa = PBXBuildFile; fileRef = B2FA33431D1B394F00185AE5 /* DSIOEventEntity.m */; };
/* End PBXBuildFile section */

/* Begin PBXContainerItemProxy section */
		154824FE1B19910A004E5CBF /* PBXContainerItemProxy */ = {
			isa = PBXContainerItemProxy;
			containerPortal = 3921B3E41B0E921E00E976C0 /* Project object */;
			proxyType = 1;
			remoteGlobalIDString = 3921B3EB1B0E921E00E976C0;
			remoteInfo = "datasnap-ios-sdk";
		};
		3921B3F91B0E921F00E976C0 /* PBXContainerItemProxy */ = {
			isa = PBXContainerItemProxy;
			containerPortal = 3921B3E41B0E921E00E976C0 /* Project object */;
			proxyType = 1;
			remoteGlobalIDString = 3921B3EB1B0E921E00E976C0;
			remoteInfo = "datasnap-ios-sdk";
		};
/* End PBXContainerItemProxy section */

/* Begin PBXCopyFilesBuildPhase section */
		B28206FC1D147B4500F8CBB1 /* CopyFiles */ = {
			isa = PBXCopyFilesBuildPhase;
			buildActionMask = 2147483647;
			dstPath = "";
			dstSubfolderSpec = 10;
			files = (
				B28207151D14839B00F8CBB1 /* Kiwi.framework in CopyFiles */,
				B28207141D14839600F8CBB1 /* MagicalRecord.framework in CopyFiles */,
				B28206FE1D147B6400F8CBB1 /* Gimbal.framework in CopyFiles */,
			);
			runOnlyForDeploymentPostprocessing = 0;
		};
/* End PBXCopyFilesBuildPhase section */

/* Begin PBXFileReference section */
		154824F61B18CF93004E5CBF /* DSIOAPI.h */ = {isa = PBXFileReference; fileEncoding = 4; lastKnownFileType = sourcecode.c.h; path = DSIOAPI.h; sourceTree = "<group>"; };
		154824F71B18CF93004E5CBF /* DSIOAPI.m */ = {isa = PBXFileReference; fileEncoding = 4; lastKnownFileType = sourcecode.c.objc; path = DSIOAPI.m; sourceTree = "<group>"; };
		3921B3EC1B0E921E00E976C0 /* libDatasnap.a */ = {isa = PBXFileReference; explicitFileType = archive.ar; includeInIndex = 0; path = libDatasnap.a; sourceTree = BUILT_PRODUCTS_DIR; };
		3921B3F71B0E921F00E976C0 /* datasnap-ios-sdkTests.xctest */ = {isa = PBXFileReference; explicitFileType = wrapper.cfbundle; includeInIndex = 0; path = "datasnap-ios-sdkTests.xctest"; sourceTree = BUILT_PRODUCTS_DIR; };
		3921B3FD1B0E921F00E976C0 /* Info.plist */ = {isa = PBXFileReference; lastKnownFileType = text.plist.xml; path = Info.plist; sourceTree = "<group>"; };
		3921B4081B0E926C00E976C0 /* DSIOConfig.h */ = {isa = PBXFileReference; fileEncoding = 4; lastKnownFileType = sourcecode.c.h; path = DSIOConfig.h; sourceTree = "<group>"; };
		3921B4091B0E926C00E976C0 /* DSIOConfig.m */ = {isa = PBXFileReference; fileEncoding = 4; lastKnownFileType = sourcecode.c.objc; path = DSIOConfig.m; sourceTree = "<group>"; };
		3921B42A1B0E92D200E976C0 /* Foundation.framework */ = {isa = PBXFileReference; lastKnownFileType = wrapper.framework; name = Foundation.framework; path = System/Library/Frameworks/Foundation.framework; sourceTree = SDKROOT; };
		B24C1A011D02330400580365 /* Gimbal.framework */ = {isa = PBXFileReference; lastKnownFileType = wrapper.framework; path = Gimbal.framework; sourceTree = "<group>"; };
		B259B6F81CFE58E600C79ABF /* DSIOCoreDataHelper.m */ = {isa = PBXFileReference; fileEncoding = 4; lastKnownFileType = sourcecode.c.objc; path = DSIOCoreDataHelper.m; sourceTree = "<group>"; };
		B26EA7EA1D12021A0065AFD3 /* DSIOCoreDataHelper.h */ = {isa = PBXFileReference; fileEncoding = 4; lastKnownFileType = sourcecode.c.h; path = DSIOCoreDataHelper.h; sourceTree = "<group>"; };
		B26EA7EC1D12022A0065AFD3 /* DSIOVendorProperties.m */ = {isa = PBXFileReference; fileEncoding = 4; lastKnownFileType = sourcecode.c.objc; path = DSIOVendorProperties.m; sourceTree = "<group>"; };
		B26EA7ED1D12022A0065AFD3 /* DSIOVendorProperties.h */ = {isa = PBXFileReference; fileEncoding = 4; lastKnownFileType = sourcecode.c.h; path = DSIOVendorProperties.h; sourceTree = "<group>"; };
		B26EA7EE1D12022A0065AFD3 /* DSIODatasnap.h */ = {isa = PBXFileReference; fileEncoding = 4; lastKnownFileType = sourcecode.c.h; path = DSIODatasnap.h; sourceTree = "<group>"; };
		B26EA7EF1D12022A0065AFD3 /* DSIODatasnap.m */ = {isa = PBXFileReference; fileEncoding = 4; lastKnownFileType = sourcecode.c.objc; path = DSIODatasnap.m; sourceTree = "<group>"; };
		B26EA7F51D1202490065AFD3 /* BeaconEvent.h */ = {isa = PBXFileReference; fileEncoding = 4; lastKnownFileType = sourcecode.c.h; path = BeaconEvent.h; sourceTree = "<group>"; };
		B26EA7F61D1202490065AFD3 /* BeaconEvent.m */ = {isa = PBXFileReference; fileEncoding = 4; lastKnownFileType = sourcecode.c.objc; path = BeaconEvent.m; sourceTree = "<group>"; };
		B26EA7F71D1202490065AFD3 /* CommunicationEvent.h */ = {isa = PBXFileReference; fileEncoding = 4; lastKnownFileType = sourcecode.c.h; path = CommunicationEvent.h; sourceTree = "<group>"; };
		B26EA7F81D1202490065AFD3 /* CommunicationEvent.m */ = {isa = PBXFileReference; fileEncoding = 4; lastKnownFileType = sourcecode.c.objc; path = CommunicationEvent.m; sourceTree = "<group>"; };
		B26EA7F91D1202490065AFD3 /* GeoFenceEvent.h */ = {isa = PBXFileReference; fileEncoding = 4; lastKnownFileType = sourcecode.c.h; path = GeoFenceEvent.h; sourceTree = "<group>"; };
		B26EA7FA1D1202490065AFD3 /* GeoFenceEvent.m */ = {isa = PBXFileReference; fileEncoding = 4; lastKnownFileType = sourcecode.c.objc; path = GeoFenceEvent.m; sourceTree = "<group>"; };
		B26EA7FB1D1202490065AFD3 /* GlobalPositionEvent.h */ = {isa = PBXFileReference; fileEncoding = 4; lastKnownFileType = sourcecode.c.h; path = GlobalPositionEvent.h; sourceTree = "<group>"; };
		B26EA7FC1D1202490065AFD3 /* GlobalPositionEvent.m */ = {isa = PBXFileReference; fileEncoding = 4; lastKnownFileType = sourcecode.c.objc; path = GlobalPositionEvent.m; sourceTree = "<group>"; };
		B26EA7FD1D1202490065AFD3 /* InteractionEvent.h */ = {isa = PBXFileReference; fileEncoding = 4; lastKnownFileType = sourcecode.c.h; path = InteractionEvent.h; sourceTree = "<group>"; };
		B26EA7FE1D1202490065AFD3 /* InteractionEvent.m */ = {isa = PBXFileReference; fileEncoding = 4; lastKnownFileType = sourcecode.c.objc; path = InteractionEvent.m; sourceTree = "<group>"; };
		B26EA7FF1D1202490065AFD3 /* UpdateEvent.h */ = {isa = PBXFileReference; fileEncoding = 4; lastKnownFileType = sourcecode.c.h; path = UpdateEvent.h; sourceTree = "<group>"; };
		B26EA8001D1202490065AFD3 /* UpdateEvent.m */ = {isa = PBXFileReference; fileEncoding = 4; lastKnownFileType = sourcecode.c.objc; path = UpdateEvent.m; sourceTree = "<group>"; };
		B26EA8011D1202490065AFD3 /* BaseEvent.h */ = {isa = PBXFileReference; fileEncoding = 4; lastKnownFileType = sourcecode.c.h; path = BaseEvent.h; sourceTree = "<group>"; };
		B26EA8021D1202490065AFD3 /* BaseEvent.m */ = {isa = PBXFileReference; fileEncoding = 4; lastKnownFileType = sourcecode.c.objc; path = BaseEvent.m; sourceTree = "<group>"; };
		B26EA8111D1202670065AFD3 /* DSIOAudience.h */ = {isa = PBXFileReference; fileEncoding = 4; lastKnownFileType = sourcecode.c.h; path = DSIOAudience.h; sourceTree = "<group>"; };
		B26EA8121D1202670065AFD3 /* DSIOAudience.m */ = {isa = PBXFileReference; fileEncoding = 4; lastKnownFileType = sourcecode.c.objc; path = DSIOAudience.m; sourceTree = "<group>"; };
		B26EA8131D1202670065AFD3 /* DSIOBeacon.h */ = {isa = PBXFileReference; fileEncoding = 4; lastKnownFileType = sourcecode.c.h; path = DSIOBeacon.h; sourceTree = "<group>"; };
		B26EA8141D1202670065AFD3 /* DSIOBeacon.m */ = {isa = PBXFileReference; fileEncoding = 4; lastKnownFileType = sourcecode.c.objc; path = DSIOBeacon.m; sourceTree = "<group>"; };
		B26EA8151D1202670065AFD3 /* DSIOCampaign.h */ = {isa = PBXFileReference; fileEncoding = 4; lastKnownFileType = sourcecode.c.h; path = DSIOCampaign.h; sourceTree = "<group>"; };
		B26EA8161D1202670065AFD3 /* DSIOCampaign.m */ = {isa = PBXFileReference; fileEncoding = 4; lastKnownFileType = sourcecode.c.objc; path = DSIOCampaign.m; sourceTree = "<group>"; };
		B26EA8171D1202670065AFD3 /* DSIOCommunication.h */ = {isa = PBXFileReference; fileEncoding = 4; lastKnownFileType = sourcecode.c.h; path = DSIOCommunication.h; sourceTree = "<group>"; };
		B26EA8181D1202670065AFD3 /* DSIOCommunication.m */ = {isa = PBXFileReference; fileEncoding = 4; lastKnownFileType = sourcecode.c.objc; path = DSIOCommunication.m; sourceTree = "<group>"; };
		B26EA8191D1202670065AFD3 /* DSIOContent.h */ = {isa = PBXFileReference; fileEncoding = 4; lastKnownFileType = sourcecode.c.h; path = DSIOContent.h; sourceTree = "<group>"; };
		B26EA81A1D1202670065AFD3 /* DSIOContent.m */ = {isa = PBXFileReference; fileEncoding = 4; lastKnownFileType = sourcecode.c.objc; path = DSIOContent.m; sourceTree = "<group>"; };
		B26EA81B1D1202670065AFD3 /* DSIODefaultProperties.h */ = {isa = PBXFileReference; fileEncoding = 4; lastKnownFileType = sourcecode.c.h; path = DSIODefaultProperties.h; sourceTree = "<group>"; };
		B26EA81C1D1202670065AFD3 /* DSIODefaultProperties.m */ = {isa = PBXFileReference; fileEncoding = 4; lastKnownFileType = sourcecode.c.objc; path = DSIODefaultProperties.m; sourceTree = "<group>"; };
		B26EA81D1D1202670065AFD3 /* DSIODevice.h */ = {isa = PBXFileReference; fileEncoding = 4; lastKnownFileType = sourcecode.c.h; path = DSIODevice.h; sourceTree = "<group>"; };
		B26EA81E1D1202670065AFD3 /* DSIODevice.m */ = {isa = PBXFileReference; fileEncoding = 4; lastKnownFileType = sourcecode.c.objc; path = DSIODevice.m; sourceTree = "<group>"; };
		B26EA81F1D1202670065AFD3 /* DSIODeviceInfo.h */ = {isa = PBXFileReference; fileEncoding = 4; lastKnownFileType = sourcecode.c.h; path = DSIODeviceInfo.h; sourceTree = "<group>"; };
		B26EA8201D1202670065AFD3 /* DSIODeviceInfo.m */ = {isa = PBXFileReference; fileEncoding = 4; lastKnownFileType = sourcecode.c.objc; path = DSIODeviceInfo.m; sourceTree = "<group>"; };
		B26EA8211D1202670065AFD3 /* DSIOEventProperty.h */ = {isa = PBXFileReference; fileEncoding = 4; lastKnownFileType = sourcecode.c.h; path = DSIOEventProperty.h; sourceTree = "<group>"; };
		B26EA8221D1202670065AFD3 /* DSIOEventProperty.m */ = {isa = PBXFileReference; fileEncoding = 4; lastKnownFileType = sourcecode.c.objc; path = DSIOEventProperty.m; sourceTree = "<group>"; };
		B26EA8231D1202670065AFD3 /* DSIOGeofence.h */ = {isa = PBXFileReference; fileEncoding = 4; lastKnownFileType = sourcecode.c.h; path = DSIOGeofence.h; sourceTree = "<group>"; };
		B26EA8241D1202670065AFD3 /* DSIOGeofence.m */ = {isa = PBXFileReference; fileEncoding = 4; lastKnownFileType = sourcecode.c.objc; path = DSIOGeofence.m; sourceTree = "<group>"; };
		B26EA8251D1202670065AFD3 /* DSIOGeofenceCircle.h */ = {isa = PBXFileReference; fileEncoding = 4; lastKnownFileType = sourcecode.c.h; path = DSIOGeofenceCircle.h; sourceTree = "<group>"; };
		B26EA8261D1202670065AFD3 /* DSIOGeofenceCircle.m */ = {isa = PBXFileReference; fileEncoding = 4; lastKnownFileType = sourcecode.c.objc; path = DSIOGeofenceCircle.m; sourceTree = "<group>"; };
		B26EA8271D1202670065AFD3 /* DSIOGlobalPosition.h */ = {isa = PBXFileReference; fileEncoding = 4; lastKnownFileType = sourcecode.c.h; path = DSIOGlobalPosition.h; sourceTree = "<group>"; };
		B26EA8281D1202670065AFD3 /* DSIOGlobalPosition.m */ = {isa = PBXFileReference; fileEncoding = 4; lastKnownFileType = sourcecode.c.objc; path = DSIOGlobalPosition.m; sourceTree = "<group>"; };
		B26EA8291D1202670065AFD3 /* DSIOIdentifier.h */ = {isa = PBXFileReference; fileEncoding = 4; lastKnownFileType = sourcecode.c.h; path = DSIOIdentifier.h; sourceTree = "<group>"; };
		B26EA82A1D1202670065AFD3 /* DSIOIdentifier.m */ = {isa = PBXFileReference; fileEncoding = 4; lastKnownFileType = sourcecode.c.objc; path = DSIOIdentifier.m; sourceTree = "<group>"; };
		B26EA82B1D1202670065AFD3 /* DSIOLocation.h */ = {isa = PBXFileReference; fileEncoding = 4; lastKnownFileType = sourcecode.c.h; path = DSIOLocation.h; sourceTree = "<group>"; };
		B26EA82C1D1202670065AFD3 /* DSIOLocation.m */ = {isa = PBXFileReference; fileEncoding = 4; lastKnownFileType = sourcecode.c.objc; path = DSIOLocation.m; sourceTree = "<group>"; };
		B26EA82D1D1202670065AFD3 /* DSIOPlace.h */ = {isa = PBXFileReference; fileEncoding = 4; lastKnownFileType = sourcecode.c.h; path = DSIOPlace.h; sourceTree = "<group>"; };
		B26EA82E1D1202670065AFD3 /* DSIOPlace.m */ = {isa = PBXFileReference; fileEncoding = 4; lastKnownFileType = sourcecode.c.objc; path = DSIOPlace.m; sourceTree = "<group>"; };
		B26EA82F1D1202670065AFD3 /* DSIOTags.h */ = {isa = PBXFileReference; fileEncoding = 4; lastKnownFileType = sourcecode.c.h; path = DSIOTags.h; sourceTree = "<group>"; };
		B26EA8301D1202670065AFD3 /* DSIOTags.m */ = {isa = PBXFileReference; fileEncoding = 4; lastKnownFileType = sourcecode.c.objc; path = DSIOTags.m; sourceTree = "<group>"; };
		B26EA8311D1202670065AFD3 /* DSIOTypes.h */ = {isa = PBXFileReference; fileEncoding = 4; lastKnownFileType = sourcecode.c.h; path = DSIOTypes.h; sourceTree = "<group>"; };
		B26EA8321D1202670065AFD3 /* DSIOTypes.m */ = {isa = PBXFileReference; fileEncoding = 4; lastKnownFileType = sourcecode.c.objc; path = DSIOTypes.m; sourceTree = "<group>"; };
		B26EA8331D1202670065AFD3 /* DSIOUser.h */ = {isa = PBXFileReference; fileEncoding = 4; lastKnownFileType = sourcecode.c.h; path = DSIOUser.h; sourceTree = "<group>"; };
		B26EA8341D1202670065AFD3 /* DSIOUser.m */ = {isa = PBXFileReference; fileEncoding = 4; lastKnownFileType = sourcecode.c.objc; path = DSIOUser.m; sourceTree = "<group>"; };
		B26EA8351D1202670065AFD3 /* DSIOUserProperties.h */ = {isa = PBXFileReference; fileEncoding = 4; lastKnownFileType = sourcecode.c.h; path = DSIOUserProperties.h; sourceTree = "<group>"; };
		B26EA8361D1202670065AFD3 /* DSIOUserProperties.m */ = {isa = PBXFileReference; fileEncoding = 4; lastKnownFileType = sourcecode.c.objc; path = DSIOUserProperties.m; sourceTree = "<group>"; };
		B26EA8651D1202940065AFD3 /* DSIOBaseClient.h */ = {isa = PBXFileReference; fileEncoding = 4; lastKnownFileType = sourcecode.c.h; path = DSIOBaseClient.h; sourceTree = "<group>"; };
		B26EA8661D1202940065AFD3 /* DSIOBaseClient.m */ = {isa = PBXFileReference; fileEncoding = 4; lastKnownFileType = sourcecode.c.objc; path = DSIOBaseClient.m; sourceTree = "<group>"; };
		B26EA8691D1202F10065AFD3 /* DSIOEvent+Management.h */ = {isa = PBXFileReference; fileEncoding = 4; lastKnownFileType = sourcecode.c.h; path = "DSIOEvent+Management.h"; sourceTree = "<group>"; };
		B26EA86A1D1202F10065AFD3 /* DSIOEvent+Management.m */ = {isa = PBXFileReference; fileEncoding = 4; lastKnownFileType = sourcecode.c.objc; path = "DSIOEvent+Management.m"; sourceTree = "<group>"; };
		B26EA86D1D1203100065AFD3 /* DSIOGimbalClient.h */ = {isa = PBXFileReference; fileEncoding = 4; lastKnownFileType = sourcecode.c.h; path = DSIOGimbalClient.h; sourceTree = "<group>"; };
		B26EA86E1D1203100065AFD3 /* DSIOGimbalClient.m */ = {isa = PBXFileReference; fileEncoding = 4; lastKnownFileType = sourcecode.c.objc; path = DSIOGimbalClient.m; sourceTree = "<group>"; };
		B26EA8711D1203260065AFD3 /* DSIOEventQueue.h */ = {isa = PBXFileReference; fileEncoding = 4; lastKnownFileType = sourcecode.c.h; path = DSIOEventQueue.h; sourceTree = "<group>"; };
		B26EA8721D1203260065AFD3 /* DSIOEventQueue.m */ = {isa = PBXFileReference; fileEncoding = 4; lastKnownFileType = sourcecode.c.objc; path = DSIOEventQueue.m; sourceTree = "<group>"; };
		B28206F61D14793500F8CBB1 /* EventEntitySpec.m */ = {isa = PBXFileReference; fileEncoding = 4; lastKnownFileType = sourcecode.c.objc; path = EventEntitySpec.m; sourceTree = "<group>"; };
		B28206F81D1479A200F8CBB1 /* libz.tbd */ = {isa = PBXFileReference; lastKnownFileType = "sourcecode.text-based-dylib-definition"; name = libz.tbd; path = usr/lib/libz.tbd; sourceTree = SDKROOT; };
		B282070F1D1480C300F8CBB1 /* Kiwi.framework */ = {isa = PBXFileReference; lastKnownFileType = wrapper.framework; path = Kiwi.framework; sourceTree = "<group>"; };
		B28207121D14811700F8CBB1 /* MagicalRecord.framework */ = {isa = PBXFileReference; lastKnownFileType = wrapper.framework; path = MagicalRecord.framework; sourceTree = "<group>"; };
		B28207261D14908300F8CBB1 /* CoreData.framework */ = {isa = PBXFileReference; lastKnownFileType = wrapper.framework; name = CoreData.framework; path = System/Library/Frameworks/CoreData.framework; sourceTree = SDKROOT; };
		B2A813611D19D4B500DB0259 /* SystemConfiguration.framework */ = {isa = PBXFileReference; lastKnownFileType = wrapper.framework; name = SystemConfiguration.framework; path = System/Library/Frameworks/SystemConfiguration.framework; sourceTree = SDKROOT; };
		B2D72C3A1D1855D9007D839D /* DatasnapSpec.m */ = {isa = PBXFileReference; fileEncoding = 4; lastKnownFileType = sourcecode.c.objc; path = DatasnapSpec.m; sourceTree = "<group>"; };
		B2FA332E1D1B333300185AE5 /* DSIOGZip.h */ = {isa = PBXFileReference; fileEncoding = 4; lastKnownFileType = sourcecode.c.h; path = DSIOGZip.h; sourceTree = "<group>"; };
		B2FA332F1D1B333300185AE5 /* DSIOGZip.m */ = {isa = PBXFileReference; fileEncoding = 4; lastKnownFileType = sourcecode.c.objc; path = DSIOGZip.m; sourceTree = "<group>"; };
		B2FA333E1D1B392E00185AE5 /* DSIOModel.xcdatamodel */ = {isa = PBXFileReference; lastKnownFileType = wrapper.xcdatamodel; path = DSIOModel.xcdatamodel; sourceTree = "<group>"; };
		B2FA33401D1B394F00185AE5 /* DSIOEvent+CoreDataProperties.h */ = {isa = PBXFileReference; fileEncoding = 4; lastKnownFileType = sourcecode.c.h; path = "DSIOEvent+CoreDataProperties.h"; sourceTree = "<group>"; };
		B2FA33411D1B394F00185AE5 /* DSIOEvent+CoreDataProperties.m */ = {isa = PBXFileReference; fileEncoding = 4; lastKnownFileType = sourcecode.c.objc; path = "DSIOEvent+CoreDataProperties.m"; sourceTree = "<group>"; };
		B2FA33421D1B394F00185AE5 /* DSIOEventEntity.h */ = {isa = PBXFileReference; fileEncoding = 4; lastKnownFileType = sourcecode.c.h; path = DSIOEventEntity.h; sourceTree = "<group>"; };
		B2FA33431D1B394F00185AE5 /* DSIOEventEntity.m */ = {isa = PBXFileReference; fileEncoding = 4; lastKnownFileType = sourcecode.c.objc; path = DSIOEventEntity.m; sourceTree = "<group>"; };
/* End PBXFileReference section */

/* Begin PBXFrameworksBuildPhase section */
		3921B3E91B0E921E00E976C0 /* Frameworks */ = {
			isa = PBXFrameworksBuildPhase;
			buildActionMask = 2147483647;
			files = (
				B2A813631D19D4D000DB0259 /* SystemConfiguration.framework in Frameworks */,
				B28207281D1490A100F8CBB1 /* CoreData.framework in Frameworks */,
				3921B42B1B0E92D200E976C0 /* Foundation.framework in Frameworks */,
			);
			runOnlyForDeploymentPostprocessing = 0;
		};
		3921B3F41B0E921F00E976C0 /* Frameworks */ = {
			isa = PBXFrameworksBuildPhase;
			buildActionMask = 2147483647;
			files = (
				B2A813621D19D4B500DB0259 /* SystemConfiguration.framework in Frameworks */,
				B28207271D14908300F8CBB1 /* CoreData.framework in Frameworks */,
				B28207131D14811700F8CBB1 /* MagicalRecord.framework in Frameworks */,
				B28206F91D1479A200F8CBB1 /* libz.tbd in Frameworks */,
				B24C1A021D02330400580365 /* Gimbal.framework in Frameworks */,
				B28207101D1480C300F8CBB1 /* Kiwi.framework in Frameworks */,
				3921B3F81B0E921F00E976C0 /* libDatasnap.a in Frameworks */,
			);
			runOnlyForDeploymentPostprocessing = 0;
		};
/* End PBXFrameworksBuildPhase section */

/* Begin PBXGroup section */
		3921B3E31B0E921E00E976C0 = {
			isa = PBXGroup;
			children = (
				B26EA7F41D12023B0065AFD3 /* Events */,
				B26EA7E51D1201440065AFD3 /* Utilities */,
				B25B32FE1D072E8E00DF9773 /* Event Properties */,
				B259B6F61CFE58A000C79ABF /* Model */,
				3921B3EE1B0E921E00E976C0 /* datasnap-ios-sdk */,
				3921B3FB1B0E921F00E976C0 /* datasnap-ios-sdkTests */,
				3921B3ED1B0E921E00E976C0 /* Products */,
			);
			sourceTree = "<group>";
		};
		3921B3ED1B0E921E00E976C0 /* Products */ = {
			isa = PBXGroup;
			children = (
				3921B3EC1B0E921E00E976C0 /* libDatasnap.a */,
				3921B3F71B0E921F00E976C0 /* datasnap-ios-sdkTests.xctest */,
			);
			name = Products;
			sourceTree = "<group>";
		};
		3921B3EE1B0E921E00E976C0 /* datasnap-ios-sdk */ = {
			isa = PBXGroup;
			children = (
				3921B4081B0E926C00E976C0 /* DSIOConfig.h */,
				3921B4091B0E926C00E976C0 /* DSIOConfig.m */,
				154824F61B18CF93004E5CBF /* DSIOAPI.h */,
				154824F71B18CF93004E5CBF /* DSIOAPI.m */,
				B26EA8711D1203260065AFD3 /* DSIOEventQueue.h */,
				B26EA8721D1203260065AFD3 /* DSIOEventQueue.m */,
				B26EA8651D1202940065AFD3 /* DSIOBaseClient.h */,
				B26EA8661D1202940065AFD3 /* DSIOBaseClient.m */,
				B26EA86D1D1203100065AFD3 /* DSIOGimbalClient.h */,
				B26EA86E1D1203100065AFD3 /* DSIOGimbalClient.m */,
			);
			path = "datasnap-ios-sdk";
			sourceTree = "<group>";
		};
		3921B3FB1B0E921F00E976C0 /* datasnap-ios-sdkTests */ = {
			isa = PBXGroup;
			children = (
				B2A813611D19D4B500DB0259 /* SystemConfiguration.framework */,
				B28206F61D14793500F8CBB1 /* EventEntitySpec.m */,
				B2D72C3A1D1855D9007D839D /* DatasnapSpec.m */,
				B28207261D14908300F8CBB1 /* CoreData.framework */,
				B28207121D14811700F8CBB1 /* MagicalRecord.framework */,
				B282070F1D1480C300F8CBB1 /* Kiwi.framework */,
				B28206F81D1479A200F8CBB1 /* libz.tbd */,
				B24C1A011D02330400580365 /* Gimbal.framework */,
				3921B42A1B0E92D200E976C0 /* Foundation.framework */,
				3921B3FC1B0E921F00E976C0 /* Supporting Files */,
			);
			path = "datasnap-ios-sdkTests";
			sourceTree = "<group>";
		};
		3921B3FC1B0E921F00E976C0 /* Supporting Files */ = {
			isa = PBXGroup;
			children = (
				3921B3FD1B0E921F00E976C0 /* Info.plist */,
			);
			name = "Supporting Files";
			sourceTree = "<group>";
		};
		B259B6F61CFE58A000C79ABF /* Model */ = {
			isa = PBXGroup;
			children = (
				B2FA33401D1B394F00185AE5 /* DSIOEvent+CoreDataProperties.h */,
				B2FA33411D1B394F00185AE5 /* DSIOEvent+CoreDataProperties.m */,
				B2FA33421D1B394F00185AE5 /* DSIOEventEntity.h */,
				B2FA33431D1B394F00185AE5 /* DSIOEventEntity.m */,
				B2FA333D1D1B392E00185AE5 /* DSIOModel.xcdatamodeld */,
				B26EA8691D1202F10065AFD3 /* DSIOEvent+Management.h */,
				B26EA86A1D1202F10065AFD3 /* DSIOEvent+Management.m */,
				B26EA7EA1D12021A0065AFD3 /* DSIOCoreDataHelper.h */,
				B259B6F81CFE58E600C79ABF /* DSIOCoreDataHelper.m */,
			);
			name = Model;
			sourceTree = "<group>";
		};
		B25B32FE1D072E8E00DF9773 /* Event Properties */ = {
			isa = PBXGroup;
			children = (
				B26EA8111D1202670065AFD3 /* DSIOAudience.h */,
				B26EA8121D1202670065AFD3 /* DSIOAudience.m */,
				B26EA8131D1202670065AFD3 /* DSIOBeacon.h */,
				B26EA8141D1202670065AFD3 /* DSIOBeacon.m */,
				B26EA8151D1202670065AFD3 /* DSIOCampaign.h */,
				B26EA8161D1202670065AFD3 /* DSIOCampaign.m */,
				B26EA8171D1202670065AFD3 /* DSIOCommunication.h */,
				B26EA8181D1202670065AFD3 /* DSIOCommunication.m */,
				B26EA8191D1202670065AFD3 /* DSIOContent.h */,
				B26EA81A1D1202670065AFD3 /* DSIOContent.m */,
				B26EA81B1D1202670065AFD3 /* DSIODefaultProperties.h */,
				B26EA81C1D1202670065AFD3 /* DSIODefaultProperties.m */,
				B26EA81D1D1202670065AFD3 /* DSIODevice.h */,
				B26EA81E1D1202670065AFD3 /* DSIODevice.m */,
				B26EA81F1D1202670065AFD3 /* DSIODeviceInfo.h */,
				B26EA8201D1202670065AFD3 /* DSIODeviceInfo.m */,
				B26EA8211D1202670065AFD3 /* DSIOEventProperty.h */,
				B26EA8221D1202670065AFD3 /* DSIOEventProperty.m */,
				B26EA8231D1202670065AFD3 /* DSIOGeofence.h */,
				B26EA8241D1202670065AFD3 /* DSIOGeofence.m */,
				B26EA8251D1202670065AFD3 /* DSIOGeofenceCircle.h */,
				B26EA8261D1202670065AFD3 /* DSIOGeofenceCircle.m */,
				B26EA8271D1202670065AFD3 /* DSIOGlobalPosition.h */,
				B26EA8281D1202670065AFD3 /* DSIOGlobalPosition.m */,
				B26EA8291D1202670065AFD3 /* DSIOIdentifier.h */,
				B26EA82A1D1202670065AFD3 /* DSIOIdentifier.m */,
				B26EA82B1D1202670065AFD3 /* DSIOLocation.h */,
				B26EA82C1D1202670065AFD3 /* DSIOLocation.m */,
				B26EA82D1D1202670065AFD3 /* DSIOPlace.h */,
				B26EA82E1D1202670065AFD3 /* DSIOPlace.m */,
				B26EA82F1D1202670065AFD3 /* DSIOTags.h */,
				B26EA8301D1202670065AFD3 /* DSIOTags.m */,
				B26EA8311D1202670065AFD3 /* DSIOTypes.h */,
				B26EA8321D1202670065AFD3 /* DSIOTypes.m */,
				B26EA8331D1202670065AFD3 /* DSIOUser.h */,
				B26EA8341D1202670065AFD3 /* DSIOUser.m */,
				B26EA8351D1202670065AFD3 /* DSIOUserProperties.h */,
				B26EA8361D1202670065AFD3 /* DSIOUserProperties.m */,
			);
			name = "Event Properties";
			path = "datasnap-ios-sdk";
			sourceTree = "<group>";
		};
		B26EA7E51D1201440065AFD3 /* Utilities */ = {
			isa = PBXGroup;
			children = (
				B26EA7EC1D12022A0065AFD3 /* DSIOVendorProperties.m */,
				B26EA7ED1D12022A0065AFD3 /* DSIOVendorProperties.h */,
				B26EA7EE1D12022A0065AFD3 /* DSIODatasnap.h */,
				B26EA7EF1D12022A0065AFD3 /* DSIODatasnap.m */,
				B2FA332E1D1B333300185AE5 /* DSIOGZip.h */,
				B2FA332F1D1B333300185AE5 /* DSIOGZip.m */,
			);
			name = Utilities;
			path = "datasnap-ios-sdk";
			sourceTree = "<group>";
		};
		B26EA7F41D12023B0065AFD3 /* Events */ = {
			isa = PBXGroup;
			children = (
				B26EA7F51D1202490065AFD3 /* BeaconEvent.h */,
				B26EA7F61D1202490065AFD3 /* BeaconEvent.m */,
				B26EA7F71D1202490065AFD3 /* CommunicationEvent.h */,
				B26EA7F81D1202490065AFD3 /* CommunicationEvent.m */,
				B26EA7F91D1202490065AFD3 /* GeoFenceEvent.h */,
				B26EA7FA1D1202490065AFD3 /* GeoFenceEvent.m */,
				B26EA7FB1D1202490065AFD3 /* GlobalPositionEvent.h */,
				B26EA7FC1D1202490065AFD3 /* GlobalPositionEvent.m */,
				B26EA7FD1D1202490065AFD3 /* InteractionEvent.h */,
				B26EA7FE1D1202490065AFD3 /* InteractionEvent.m */,
				B26EA7FF1D1202490065AFD3 /* UpdateEvent.h */,
				B26EA8001D1202490065AFD3 /* UpdateEvent.m */,
				B26EA8011D1202490065AFD3 /* BaseEvent.h */,
				B26EA8021D1202490065AFD3 /* BaseEvent.m */,
			);
			name = Events;
			sourceTree = "<group>";
		};
/* End PBXGroup section */

/* Begin PBXHeadersBuildPhase section */
		3921B42C1B0E92DE00E976C0 /* Headers */ = {
			isa = PBXHeadersBuildPhase;
			buildActionMask = 2147483647;
			files = (
				B26EA8551D1202670065AFD3 /* DSIOTags.h in Headers */,
				B26EA7F21D12022A0065AFD3 /* DSIODatasnap.h in Headers */,
				B26EA8471D1202670065AFD3 /* DSIOEventProperty.h in Headers */,
				B26EA8731D1203260065AFD3 /* DSIOEventQueue.h in Headers */,
				B26EA8391D1202670065AFD3 /* DSIOBeacon.h in Headers */,
				B26EA7EB1D12021A0065AFD3 /* DSIOCoreDataHelper.h in Headers */,
				B26EA8451D1202670065AFD3 /* DSIODeviceInfo.h in Headers */,
				B2FA33461D1B394F00185AE5 /* DSIOEventEntity.h in Headers */,
				B26EA85B1D1202670065AFD3 /* DSIOUserProperties.h in Headers */,
				B26EA7F11D12022A0065AFD3 /* DSIOVendorProperties.h in Headers */,
				B26EA83F1D1202670065AFD3 /* DSIOContent.h in Headers */,
				B26EA80F1D1202490065AFD3 /* BaseEvent.h in Headers */,
				B26EA8531D1202670065AFD3 /* DSIOPlace.h in Headers */,
				B2FA33441D1B394F00185AE5 /* DSIOEvent+CoreDataProperties.h in Headers */,
				B26EA8571D1202670065AFD3 /* DSIOTypes.h in Headers */,
				B26EA8671D1202940065AFD3 /* DSIOBaseClient.h in Headers */,
				B26EA86F1D1203100065AFD3 /* DSIOGimbalClient.h in Headers */,
				B2FA33301D1B333300185AE5 /* DSIOGZip.h in Headers */,
				B26EA8051D1202490065AFD3 /* CommunicationEvent.h in Headers */,
				B26EA8031D1202490065AFD3 /* BeaconEvent.h in Headers */,
				B26EA8411D1202670065AFD3 /* DSIODefaultProperties.h in Headers */,
				3921B42E1B0E92E500E976C0 /* DSIOConfig.h in Headers */,
				154824F81B18CF93004E5CBF /* DSIOAPI.h in Headers */,
				B26EA8591D1202670065AFD3 /* DSIOUser.h in Headers */,
				B26EA80B1D1202490065AFD3 /* InteractionEvent.h in Headers */,
				B26EA84B1D1202670065AFD3 /* DSIOGeofenceCircle.h in Headers */,
				B26EA83D1D1202670065AFD3 /* DSIOCommunication.h in Headers */,
				B26EA86B1D1202F10065AFD3 /* DSIOEvent+Management.h in Headers */,
				B26EA8491D1202670065AFD3 /* DSIOGeofence.h in Headers */,
				B26EA83B1D1202670065AFD3 /* DSIOCampaign.h in Headers */,
				B26EA80D1D1202490065AFD3 /* UpdateEvent.h in Headers */,
				B26EA8511D1202670065AFD3 /* DSIOLocation.h in Headers */,
				B26EA8371D1202670065AFD3 /* DSIOAudience.h in Headers */,
				B26EA84D1D1202670065AFD3 /* DSIOGlobalPosition.h in Headers */,
				B26EA84F1D1202670065AFD3 /* DSIOIdentifier.h in Headers */,
				B26EA8091D1202490065AFD3 /* GlobalPositionEvent.h in Headers */,
				B26EA8431D1202670065AFD3 /* DSIODevice.h in Headers */,
				B26EA8071D1202490065AFD3 /* GeoFenceEvent.h in Headers */,
			);
			runOnlyForDeploymentPostprocessing = 0;
		};
/* End PBXHeadersBuildPhase section */

/* Begin PBXNativeTarget section */
		3921B3EB1B0E921E00E976C0 /* datasnap-ios-sdk */ = {
			isa = PBXNativeTarget;
			buildConfigurationList = 3921B4001B0E921F00E976C0 /* Build configuration list for PBXNativeTarget "datasnap-ios-sdk" */;
			buildPhases = (
				3921B3E81B0E921E00E976C0 /* Sources */,
				3921B3E91B0E921E00E976C0 /* Frameworks */,
				3921B42C1B0E92DE00E976C0 /* Headers */,
				154824FD1B198B42004E5CBF /* Build framework */,
			);
			buildRules = (
			);
			dependencies = (
			);
			name = "datasnap-ios-sdk";
			productName = "datasnap-ios-sdk";
			productReference = 3921B3EC1B0E921E00E976C0 /* libDatasnap.a */;
			productType = "com.apple.product-type.library.static";
		};
		3921B3F61B0E921F00E976C0 /* datasnap-ios-sdkTests */ = {
			isa = PBXNativeTarget;
			buildConfigurationList = 3921B4031B0E921F00E976C0 /* Build configuration list for PBXNativeTarget "datasnap-ios-sdkTests" */;
			buildPhases = (
				3921B3F31B0E921F00E976C0 /* Sources */,
				3921B3F41B0E921F00E976C0 /* Frameworks */,
				3921B3F51B0E921F00E976C0 /* Resources */,
				B28206FC1D147B4500F8CBB1 /* CopyFiles */,
			);
			buildRules = (
			);
			dependencies = (
				3921B3FA1B0E921F00E976C0 /* PBXTargetDependency */,
			);
			name = "datasnap-ios-sdkTests";
			productName = "datasnap-ios-sdkTests";
			productReference = 3921B3F71B0E921F00E976C0 /* datasnap-ios-sdkTests.xctest */;
			productType = "com.apple.product-type.bundle.unit-test";
		};
/* End PBXNativeTarget section */

/* Begin PBXProject section */
		3921B3E41B0E921E00E976C0 /* Project object */ = {
			isa = PBXProject;
			attributes = {
				LastUpgradeCheck = 0730;
				ORGANIZATIONNAME = DataSnap;
				TargetAttributes = {
					3921B3EB1B0E921E00E976C0 = {
						CreatedOnToolsVersion = 6.3.2;
					};
					3921B3F61B0E921F00E976C0 = {
						CreatedOnToolsVersion = 6.3.2;
					};
					3921B4531B0E944500E976C0 = {
						CreatedOnToolsVersion = 6.3.2;
					};
				};
			};
			buildConfigurationList = 3921B3E71B0E921E00E976C0 /* Build configuration list for PBXProject "datasnap-ios-sdk" */;
			compatibilityVersion = "Xcode 3.2";
			developmentRegion = English;
			hasScannedForEncodings = 0;
			knownRegions = (
				en,
			);
			mainGroup = 3921B3E31B0E921E00E976C0;
			productRefGroup = 3921B3ED1B0E921E00E976C0 /* Products */;
			projectDirPath = "";
			projectRoot = "";
			targets = (
				3921B3EB1B0E921E00E976C0 /* datasnap-ios-sdk */,
				3921B3F61B0E921F00E976C0 /* datasnap-ios-sdkTests */,
				3921B4531B0E944500E976C0 /* Universal Framework */,
			);
		};
/* End PBXProject section */

/* Begin PBXResourcesBuildPhase section */
		3921B3F51B0E921F00E976C0 /* Resources */ = {
			isa = PBXResourcesBuildPhase;
			buildActionMask = 2147483647;
			files = (
			);
			runOnlyForDeploymentPostprocessing = 0;
		};
/* End PBXResourcesBuildPhase section */

/* Begin PBXShellScriptBuildPhase section */
		154824FD1B198B42004E5CBF /* Build framework */ = {
			isa = PBXShellScriptBuildPhase;
			buildActionMask = 2147483647;
			files = (
			);
			inputPaths = (
			);
			name = "Build framework";
			outputPaths = (
			);
			runOnlyForDeploymentPostprocessing = 0;
			shellPath = /bin/sh;
			shellScript = "set -e\n\nexport FRAMEWORK_LOCN=\"${BUILT_PRODUCTS_DIR}/${PRODUCT_NAME}.framework\"\n\n/bin/rm -fr \"${FRAMEWORK_LOCN}\"\n\n# Create the path to the real Headers dir\nmkdir -p \"${FRAMEWORK_LOCN}/Versions/A/Headers\"\n\n/bin/cp \"${BUILT_PRODUCTS_DIR}/${EXECUTABLE_NAME}\" \\\n\"${FRAMEWORK_LOCN}/Versions/A/${PRODUCT_NAME}\"\n\n# Create the required symlinks\n/bin/ln -sfh A \"${FRAMEWORK_LOCN}/Versions/Current\"\n/bin/ln -sfh Versions/Current/Headers \"${FRAMEWORK_LOCN}/Headers\"\n/bin/ln -sfh \"Versions/Current/${PRODUCT_NAME}\" \\\n\"${FRAMEWORK_LOCN}/${PRODUCT_NAME}\"\n\n# Copy the public headers into the framework\n/bin/cp -a \"${TARGET_BUILD_DIR}/${PUBLIC_HEADERS_FOLDER_PATH}/\" \\\n\"${FRAMEWORK_LOCN}/Versions/A/Headers\"\n\n/bin/rm -fr \"${BUILT_PRODUCTS_DIR}/../${PRODUCT_NAME}.framework\"\n\n# Copy the public headers into the framework\n/bin/cp -a \"${FRAMEWORK_LOCN}\" \\\n\"${BUILT_PRODUCTS_DIR}/../${PRODUCT_NAME}.framework\"\n";
		};
		3921B45B1B0E949600E976C0 /* ShellScript */ = {
			isa = PBXShellScriptBuildPhase;
			buildActionMask = 2147483647;
			files = (
			);
			inputPaths = (
			);
			outputPaths = (
			);
			runOnlyForDeploymentPostprocessing = 0;
			shellPath = /bin/sh;
			shellScript = "set -e\n\n# If we're already inside this script then die\nif [ -n \"$RW_MULTIPLATFORM_BUILD_IN_PROGRESS\" ]; then\nexit 0\nfi\nexport RW_MULTIPLATFORM_BUILD_IN_PROGRESS=1\n\nRW_FRAMEWORK_NAME=Datasnap\nRW_INPUT_STATIC_LIB=\"lib${RW_FRAMEWORK_NAME}.a\"\nRW_FRAMEWORK_LOCATION=\"${BUILT_PRODUCTS_DIR}/${RW_FRAMEWORK_NAME}.framework\"\n\nfunction build_static_library {\n    # Will rebuild the static library as specified\n    #     build_static_library sdk\n    xcrun xcodebuild -project \"${PROJECT_FILE_PATH}\" \\\n    -target \"${TARGET_NAME}\" \\\n    -configuration \"${CONFIGURATION}\" \\\n    -sdk \"${1}\" \\\n    ONLY_ACTIVE_ARCH=NO \\\n    BUILD_DIR=\"${BUILD_DIR}\" \\\n    OBJROOT=\"${OBJROOT}\" \\\n    BUILD_ROOT=\"${BUILD_ROOT}\" \\\n    SYMROOT=\"${SYMROOT}\" $ACTION\n}\n\nfunction make_fat_library {\n    # Will smash 2 static libs together\n    #     make_fat_library in1 in2 out\n    xcrun lipo -create \"${1}\" \"${2}\" -output \"${3}\"\n}\n\n# Extract the platform (iphoneos/iphonesimulator) from the SDK name\nif [[ \"$SDK_NAME\" =~ ([A-Za-z]+) ]]; then\nRW_SDK_PLATFORM=${BASH_REMATCH[1]}\nelse\necho \"Could not find platform name from SDK_NAME: $SDK_NAME\"\nexit 1\nfi\n\n# Extract the version from the SDK\nif [[ \"$SDK_NAME\" =~ ([0-9]+.*$) ]]; then\nRW_SDK_VERSION=${BASH_REMATCH[1]}\nelse\necho \"Could not find sdk version from SDK_NAME: $SDK_NAME\"\nexit 1\nfi\n\n# Determine the other platform\nif [ \"$RW_SDK_PLATFORM\" == \"iphoneos\" ]; then\nRW_OTHER_PLATFORM=iphonesimulator\nelse\nRW_OTHER_PLATFORM=iphoneos\nfi\n\n# Find the build directory\nif [[ \"$BUILT_PRODUCTS_DIR\" =~ (.*)$RW_SDK_PLATFORM$ ]]; then\nRW_OTHER_BUILT_PRODUCTS_DIR=\"${BASH_REMATCH[1]}${RW_OTHER_PLATFORM}\"\nelse\necho \"Could not find other platform build directory.\"\nexit 1\nfi\n\n\n# Build the other platform.\nbuild_static_library \"${RW_OTHER_PLATFORM}${RW_SDK_VERSION}\"\n\n# If we're currently building for iphonesimulator, then need to rebuild\n#   to ensure that we get both i386 and x86_64\nif [ \"$RW_SDK_PLATFORM\" == \"iphonesimulator\" ]; then\nbuild_static_library \"${SDK_NAME}\"\nfi\n\n# Join the 2 static libs into 1 and push into the .framework\nmake_fat_library \"${BUILT_PRODUCTS_DIR}/${RW_INPUT_STATIC_LIB}\" \\\n\"${RW_OTHER_BUILT_PRODUCTS_DIR}/${RW_INPUT_STATIC_LIB}\" \\\n\"${RW_FRAMEWORK_LOCATION}/Versions/A/${RW_FRAMEWORK_NAME}\"\n\n\n# Ensure that the framework is present in both platorm's build directories\ncp -a \"${RW_FRAMEWORK_LOCATION}/Versions/A/${RW_FRAMEWORK_NAME}\" \\\n\"${RW_OTHER_BUILT_PRODUCTS_DIR}/${RW_FRAMEWORK_NAME}.framework/Versions/A/${RW_FRAMEWORK_NAME}\"\n\n# Copy the framework to the user's desktop\nditto \"${RW_FRAMEWORK_LOCATION}\" \"${HOME}/Desktop/${RW_FRAMEWORK_NAME}.framework\"\n\n# Copy the resources bundle to the user's desktop\n#ditto \"${BUILT_PRODUCTS_DIR}/${RW_FRAMEWORK_NAME}.bundle\" \\\n#\"${HOME}/Desktop/${RW_FRAMEWORK_NAME}.bundle\"";
		};
/* End PBXShellScriptBuildPhase section */

/* Begin PBXSourcesBuildPhase section */
		3921B3E81B0E921E00E976C0 /* Sources */ = {
			isa = PBXSourcesBuildPhase;
			buildActionMask = 2147483647;
			files = (
				B26EA85A1D1202670065AFD3 /* DSIOUser.m in Sources */,
				B26EA8741D1203260065AFD3 /* DSIOEventQueue.m in Sources */,
				B259B6FA1CFE58E600C79ABF /* DSIOCoreDataHelper.m in Sources */,
				B2FA33471D1B394F00185AE5 /* DSIOEventEntity.m in Sources */,
				B26EA8101D1202490065AFD3 /* BaseEvent.m in Sources */,
				3921B40F1B0E926C00E976C0 /* DSIOConfig.m in Sources */,
				154824F91B18CF93004E5CBF /* DSIOAPI.m in Sources */,
				B2FA33451D1B394F00185AE5 /* DSIOEvent+CoreDataProperties.m in Sources */,
				B26EA8521D1202670065AFD3 /* DSIOLocation.m in Sources */,
				B26EA7F31D12022A0065AFD3 /* DSIODatasnap.m in Sources */,
				B26EA86C1D1202F10065AFD3 /* DSIOEvent+Management.m in Sources */,
				B26EA8461D1202670065AFD3 /* DSIODeviceInfo.m in Sources */,
				B26EA7F01D12022A0065AFD3 /* DSIOVendorProperties.m in Sources */,
				B26EA8541D1202670065AFD3 /* DSIOPlace.m in Sources */,
				B2FA33311D1B333300185AE5 /* DSIOGZip.m in Sources */,
				B26EA8401D1202670065AFD3 /* DSIOContent.m in Sources */,
				B26EA8501D1202670065AFD3 /* DSIOIdentifier.m in Sources */,
				B26EA8701D1203100065AFD3 /* DSIOGimbalClient.m in Sources */,
				B26EA8421D1202670065AFD3 /* DSIODefaultProperties.m in Sources */,
				B26EA8581D1202670065AFD3 /* DSIOTypes.m in Sources */,
				B26EA80A1D1202490065AFD3 /* GlobalPositionEvent.m in Sources */,
				B2FA333F1D1B392E00185AE5 /* DSIOModel.xcdatamodeld in Sources */,
				B26EA8381D1202670065AFD3 /* DSIOAudience.m in Sources */,
				B26EA8081D1202490065AFD3 /* GeoFenceEvent.m in Sources */,
				B26EA8481D1202670065AFD3 /* DSIOEventProperty.m in Sources */,
				B26EA8041D1202490065AFD3 /* BeaconEvent.m in Sources */,
				B26EA84C1D1202670065AFD3 /* DSIOGeofenceCircle.m in Sources */,
				B26EA83C1D1202670065AFD3 /* DSIOCampaign.m in Sources */,
				B26EA8561D1202670065AFD3 /* DSIOTags.m in Sources */,
				B26EA80C1D1202490065AFD3 /* InteractionEvent.m in Sources */,
				B26EA83A1D1202670065AFD3 /* DSIOBeacon.m in Sources */,
				B26EA8681D1202940065AFD3 /* DSIOBaseClient.m in Sources */,
				B26EA85C1D1202670065AFD3 /* DSIOUserProperties.m in Sources */,
				B26EA83E1D1202670065AFD3 /* DSIOCommunication.m in Sources */,
				B26EA84A1D1202670065AFD3 /* DSIOGeofence.m in Sources */,
				B26EA8441D1202670065AFD3 /* DSIODevice.m in Sources */,
				B26EA84E1D1202670065AFD3 /* DSIOGlobalPosition.m in Sources */,
				B26EA8061D1202490065AFD3 /* CommunicationEvent.m in Sources */,
				B26EA80E1D1202490065AFD3 /* UpdateEvent.m in Sources */,
			);
			runOnlyForDeploymentPostprocessing = 0;
		};
		3921B3F31B0E921F00E976C0 /* Sources */ = {
			isa = PBXSourcesBuildPhase;
			buildActionMask = 2147483647;
			files = (
				B2A813A11D1A027200DB0259 /* DSIOCoreDataHelper.m in Sources */,
				B2A813711D19E63E00DB0259 /* DSIOEvent+Management.m in Sources */,
				B2D72C3B1D1855D9007D839D /* DatasnapSpec.m in Sources */,
				B28206F71D14793500F8CBB1 /* EventEntitySpec.m in Sources */,
			);
			runOnlyForDeploymentPostprocessing = 0;
		};
/* End PBXSourcesBuildPhase section */

/* Begin PBXTargetDependency section */
		154824FF1B19910A004E5CBF /* PBXTargetDependency */ = {
			isa = PBXTargetDependency;
			target = 3921B3EB1B0E921E00E976C0 /* datasnap-ios-sdk */;
			targetProxy = 154824FE1B19910A004E5CBF /* PBXContainerItemProxy */;
		};
		3921B3FA1B0E921F00E976C0 /* PBXTargetDependency */ = {
			isa = PBXTargetDependency;
			target = 3921B3EB1B0E921E00E976C0 /* datasnap-ios-sdk */;
			targetProxy = 3921B3F91B0E921F00E976C0 /* PBXContainerItemProxy */;
		};
/* End PBXTargetDependency section */

/* Begin XCBuildConfiguration section */
		3921B3FE1B0E921F00E976C0 /* Debug */ = {
			isa = XCBuildConfiguration;
			buildSettings = {
				ALWAYS_SEARCH_USER_PATHS = NO;
				CLANG_CXX_LANGUAGE_STANDARD = "gnu++0x";
				CLANG_CXX_LIBRARY = "libc++";
				CLANG_ENABLE_MODULES = YES;
				CLANG_ENABLE_OBJC_ARC = YES;
				CLANG_WARN_BOOL_CONVERSION = YES;
				CLANG_WARN_CONSTANT_CONVERSION = YES;
				CLANG_WARN_DIRECT_OBJC_ISA_USAGE = YES_ERROR;
				CLANG_WARN_EMPTY_BODY = YES;
				CLANG_WARN_ENUM_CONVERSION = YES;
				CLANG_WARN_INT_CONVERSION = YES;
				CLANG_WARN_OBJC_ROOT_CLASS = YES_ERROR;
				CLANG_WARN_UNREACHABLE_CODE = YES;
				CLANG_WARN__DUPLICATE_METHOD_MATCH = YES;
				COPY_PHASE_STRIP = NO;
				DEBUG_INFORMATION_FORMAT = "dwarf-with-dsym";
				ENABLE_STRICT_OBJC_MSGSEND = YES;
				ENABLE_TESTABILITY = YES;
				GCC_C_LANGUAGE_STANDARD = gnu99;
				GCC_DYNAMIC_NO_PIC = NO;
				GCC_NO_COMMON_BLOCKS = YES;
				GCC_OPTIMIZATION_LEVEL = 0;
				GCC_PREPROCESSOR_DEFINITIONS = (
					"DEBUG=1",
					"$(inherited)",
				);
				GCC_SYMBOLS_PRIVATE_EXTERN = NO;
				GCC_WARN_64_TO_32_BIT_CONVERSION = YES;
				GCC_WARN_ABOUT_RETURN_TYPE = YES_ERROR;
				GCC_WARN_UNDECLARED_SELECTOR = YES;
				GCC_WARN_UNINITIALIZED_AUTOS = YES_AGGRESSIVE;
				GCC_WARN_UNUSED_FUNCTION = YES;
				GCC_WARN_UNUSED_VARIABLE = YES;
				IPHONEOS_DEPLOYMENT_TARGET = 8.0;
				LD_RUNPATH_SEARCH_PATHS = "";
				MTL_ENABLE_DEBUG_INFO = YES;
				ONLY_ACTIVE_ARCH = YES;
				SDKROOT = iphoneos;
			};
			name = Debug;
		};
		3921B3FF1B0E921F00E976C0 /* Release */ = {
			isa = XCBuildConfiguration;
			buildSettings = {
				ALWAYS_SEARCH_USER_PATHS = NO;
				CLANG_CXX_LANGUAGE_STANDARD = "gnu++0x";
				CLANG_CXX_LIBRARY = "libc++";
				CLANG_ENABLE_MODULES = YES;
				CLANG_ENABLE_OBJC_ARC = YES;
				CLANG_WARN_BOOL_CONVERSION = YES;
				CLANG_WARN_CONSTANT_CONVERSION = YES;
				CLANG_WARN_DIRECT_OBJC_ISA_USAGE = YES_ERROR;
				CLANG_WARN_EMPTY_BODY = YES;
				CLANG_WARN_ENUM_CONVERSION = YES;
				CLANG_WARN_INT_CONVERSION = YES;
				CLANG_WARN_OBJC_ROOT_CLASS = YES_ERROR;
				CLANG_WARN_UNREACHABLE_CODE = YES;
				CLANG_WARN__DUPLICATE_METHOD_MATCH = YES;
				COPY_PHASE_STRIP = NO;
				DEBUG_INFORMATION_FORMAT = "dwarf-with-dsym";
				ENABLE_NS_ASSERTIONS = NO;
				ENABLE_STRICT_OBJC_MSGSEND = YES;
				GCC_C_LANGUAGE_STANDARD = gnu99;
				GCC_NO_COMMON_BLOCKS = YES;
				GCC_WARN_64_TO_32_BIT_CONVERSION = YES;
				GCC_WARN_ABOUT_RETURN_TYPE = YES_ERROR;
				GCC_WARN_UNDECLARED_SELECTOR = YES;
				GCC_WARN_UNINITIALIZED_AUTOS = YES_AGGRESSIVE;
				GCC_WARN_UNUSED_FUNCTION = YES;
				GCC_WARN_UNUSED_VARIABLE = YES;
				IPHONEOS_DEPLOYMENT_TARGET = 8.0;
				LD_RUNPATH_SEARCH_PATHS = "";
				MTL_ENABLE_DEBUG_INFO = NO;
				SDKROOT = iphoneos;
				VALIDATE_PRODUCT = YES;
			};
			name = Release;
		};
		3921B4011B0E921F00E976C0 /* Debug */ = {
			isa = XCBuildConfiguration;
			buildSettings = {
				EMBEDDED_CONTENT_CONTAINS_SWIFT = NO;
				FRAMEWORK_SEARCH_PATHS = (
					"$(inherited)",
					"$(PROJECT_DIR)/datasnap-ios-sdkTests",
				);
				IPHONEOS_DEPLOYMENT_TARGET = 7.0;
				ONLY_ACTIVE_ARCH = YES;
				OTHER_LDFLAGS = "-ObjC";
				PRODUCT_NAME = Datasnap;
				SKIP_INSTALL = YES;
			};
			name = Debug;
		};
		3921B4021B0E921F00E976C0 /* Release */ = {
			isa = XCBuildConfiguration;
			buildSettings = {
				EMBEDDED_CONTENT_CONTAINS_SWIFT = NO;
				FRAMEWORK_SEARCH_PATHS = (
					"$(inherited)",
					"$(PROJECT_DIR)/datasnap-ios-sdkTests",
				);
				IPHONEOS_DEPLOYMENT_TARGET = 7.0;
				ONLY_ACTIVE_ARCH = NO;
				OTHER_LDFLAGS = "-ObjC";
				PRODUCT_NAME = Datasnap;
				SKIP_INSTALL = YES;
			};
			name = Release;
		};
		3921B4041B0E921F00E976C0 /* Debug */ = {
			isa = XCBuildConfiguration;
			buildSettings = {
				"CODE_SIGN_IDENTITY[sdk=iphoneos*]" = "iPhone Developer";
				FRAMEWORK_SEARCH_PATHS = (
					"$(inherited)",
					"$(PROJECT_DIR)/datasnap-ios-sdkTests",
				);
				GCC_PREPROCESSOR_DEFINITIONS = (
					"DEBUG=1",
					"$(inherited)",
				);
				INFOPLIST_FILE = "datasnap-ios-sdkTests/Info.plist";
				LD_RUNPATH_SEARCH_PATHS = "$(inherited) @executable_path/Frameworks @loader_path/Frameworks";
				ONLY_ACTIVE_ARCH = YES;
				PRODUCT_BUNDLE_IDENTIFIER = "DataSnap.$(PRODUCT_NAME:rfc1034identifier)";
				PRODUCT_NAME = "$(TARGET_NAME)";
			};
			name = Debug;
		};
		3921B4051B0E921F00E976C0 /* Release */ = {
			isa = XCBuildConfiguration;
			buildSettings = {
				"CODE_SIGN_IDENTITY[sdk=iphoneos*]" = "iPhone Developer";
				FRAMEWORK_SEARCH_PATHS = (
					"$(inherited)",
					"$(PROJECT_DIR)/datasnap-ios-sdkTests",
				);
				INFOPLIST_FILE = "datasnap-ios-sdkTests/Info.plist";
				LD_RUNPATH_SEARCH_PATHS = "$(inherited) @executable_path/Frameworks @loader_path/Frameworks";
				ONLY_ACTIVE_ARCH = NO;
				PRODUCT_BUNDLE_IDENTIFIER = "DataSnap.$(PRODUCT_NAME:rfc1034identifier)";
				PRODUCT_NAME = "$(TARGET_NAME)";
			};
			name = Release;
		};
		3921B4551B0E944500E976C0 /* Debug */ = {
			isa = XCBuildConfiguration;
			buildSettings = {
				ONLY_ACTIVE_ARCH = NO;
				PRODUCT_NAME = "$(TARGET_NAME)";
			};
			name = Debug;
		};
		3921B4561B0E944500E976C0 /* Release */ = {
			isa = XCBuildConfiguration;
			buildSettings = {
				ONLY_ACTIVE_ARCH = NO;
				PRODUCT_NAME = "$(TARGET_NAME)";
			};
			name = Release;
		};
/* End XCBuildConfiguration section */

/* Begin XCConfigurationList section */
		3921B3E71B0E921E00E976C0 /* Build configuration list for PBXProject "datasnap-ios-sdk" */ = {
			isa = XCConfigurationList;
			buildConfigurations = (
				3921B3FE1B0E921F00E976C0 /* Debug */,
				3921B3FF1B0E921F00E976C0 /* Release */,
			);
			defaultConfigurationIsVisible = 0;
			defaultConfigurationName = Release;
		};
		3921B4001B0E921F00E976C0 /* Build configuration list for PBXNativeTarget "datasnap-ios-sdk" */ = {
			isa = XCConfigurationList;
			buildConfigurations = (
				3921B4011B0E921F00E976C0 /* Debug */,
				3921B4021B0E921F00E976C0 /* Release */,
			);
			defaultConfigurationIsVisible = 0;
			defaultConfigurationName = Release;
		};
		3921B4031B0E921F00E976C0 /* Build configuration list for PBXNativeTarget "datasnap-ios-sdkTests" */ = {
			isa = XCConfigurationList;
			buildConfigurations = (
				3921B4041B0E921F00E976C0 /* Debug */,
				3921B4051B0E921F00E976C0 /* Release */,
			);
			defaultConfigurationIsVisible = 0;
			defaultConfigurationName = Release;
		};
		3921B4541B0E944500E976C0 /* Build configuration list for PBXAggregateTarget "Universal Framework" */ = {
			isa = XCConfigurationList;
			buildConfigurations = (
				3921B4551B0E944500E976C0 /* Debug */,
				3921B4561B0E944500E976C0 /* Release */,
			);
			defaultConfigurationIsVisible = 0;
			defaultConfigurationName = Release;
		};
/* End XCConfigurationList section */

/* Begin XCVersionGroup section */
		B2FA333D1D1B392E00185AE5 /* DSIOModel.xcdatamodeld */ = {
			isa = XCVersionGroup;
			children = (
				B2FA333E1D1B392E00185AE5 /* DSIOModel.xcdatamodel */,
			);
			currentVersion = B2FA333E1D1B392E00185AE5 /* DSIOModel.xcdatamodel */;
			path = DSIOModel.xcdatamodeld;
			sourceTree = "<group>";
			versionGroupType = wrapper.xcdatamodel;
		};
/* End XCVersionGroup section */
	};
	rootObject = 3921B3E41B0E921E00E976C0 /* Project object */;
}
